
Microsoft Visual Studio Solution File, Format Version 12.00
# Visual Studio Version 17
VisualStudioVersion = 17.3.32929.385
MinimumVisualStudioVersion = 10.0.40219.1
Project("{2150E333-8FDC-42A3-9474-1A3956D46DE8}") = "Services", "Services", "{BDC05D33-A108-492E-9EE4-1CB96D30D0EF}"
EndProject
Project("{2150E333-8FDC-42A3-9474-1A3956D46DE8}") = "Student", "Student", "{25CC30A2-4F35-466F-B21B-D034C6E23ABB}"
EndProject
Project("{2150E333-8FDC-42A3-9474-1A3956D46DE8}") = "Course", "Course", "{4228DBCB-A56B-462C-9175-427D80F9F4EF}"
EndProject
Project("{2150E333-8FDC-42A3-9474-1A3956D46DE8}") = "Enrollement", "Enrollement", "{0FF053F7-81D3-4EF3-9C5F-54F8BD1DFAAE}"
EndProject
Project("{2150E333-8FDC-42A3-9474-1A3956D46DE8}") = "src", "src", "{B119029D-E074-449C-94FD-712E2F3C3C62}"
EndProject
Project("{2150E333-8FDC-42A3-9474-1A3956D46DE8}") = "ApiGateways", "ApiGateways", "{E2766020-7278-4B0C-B2E1-AB8B2569D13E}"
EndProject
Project("{9A19103F-16F7-4668-BE54-9A1E7A4F7556}") = "Course.API", "ContosoApp\src\Services\Course\Course.API\Course.API.csproj", "{8261B415-B4BF-4A0F-A1F5-AC893F0E9842}"
EndProject
Project("{9A19103F-16F7-4668-BE54-9A1E7A4F7556}") = "Course.Model", "ContosoApp\src\Services\Course\Course.Model\Course.Model.csproj", "{57CED56D-D9F4-4C50-88BB-BB14E05ACA19}"
EndProject
Project("{9A19103F-16F7-4668-BE54-9A1E7A4F7556}") = "Enrollement.API", "ContosoApp\src\Services\Enrollement\Enrollement.API\Enrollement.API.csproj", "{B05F2EB3-D57E-44E3-9862-667F805D5EF9}"
EndProject
Project("{9A19103F-16F7-4668-BE54-9A1E7A4F7556}") = "Enrollement.Model", "ContosoApp\src\Services\Enrollement\Enrollement.Model\Enrollement.Model.csproj", "{920484BE-E79C-4680-85B9-73A1DC8B24E2}"
EndProject
Project("{9A19103F-16F7-4668-BE54-9A1E7A4F7556}") = "Enrollement.Infrastructure", "ContosoApp\src\Services\Enrollement\Enrollement.Infrastructure\Enrollement.Infrastructure.csproj", "{B70F4246-F7F3-4831-B31B-135CA143938E}"
EndProject
Project("{9A19103F-16F7-4668-BE54-9A1E7A4F7556}") = "Student.API", "ContosoApp\src\Services\Student\Student.API\Student.API.csproj", "{7E3A1210-565D-4EBF-B442-655DD7662103}"
EndProject
Project("{9A19103F-16F7-4668-BE54-9A1E7A4F7556}") = "Student.Model", "ContosoApp\src\Services\Student\Student.Model\Student.Model.csproj", "{884D0467-DD91-4666-87E0-F42031BA0487}"
EndProject
Project("{9A19103F-16F7-4668-BE54-9A1E7A4F7556}") = "Student.Infrastructure", "ContosoApp\src\Services\Student\Student.Infrastructure\Student.Infrastructure.csproj", "{52AC8F10-0120-4C25-847F-7F95CE131964}"
EndProject
Project("{E53339B2-1760-4266-BCC7-CA923CBCF16C}") = "docker-compose", "docker-compose.dcproj", "{269E823E-B190-42A7-8EC3-4A46F8E878CE}"
EndProject
Global
	GlobalSection(SolutionConfigurationPlatforms) = preSolution
		Debug|Any CPU = Debug|Any CPU
		Release|Any CPU = Release|Any CPU
	EndGlobalSection
	GlobalSection(ProjectConfigurationPlatforms) = postSolution
		{8261B415-B4BF-4A0F-A1F5-AC893F0E9842}.Debug|Any CPU.ActiveCfg = Debug|Any CPU
		{8261B415-B4BF-4A0F-A1F5-AC893F0E9842}.Debug|Any CPU.Build.0 = Debug|Any CPU
		{8261B415-B4BF-4A0F-A1F5-AC893F0E9842}.Release|Any CPU.ActiveCfg = Release|Any CPU
		{8261B415-B4BF-4A0F-A1F5-AC893F0E9842}.Release|Any CPU.Build.0 = Release|Any CPU
		{57CED56D-D9F4-4C50-88BB-BB14E05ACA19}.Debug|Any CPU.ActiveCfg = Debug|Any CPU
		{57CED56D-D9F4-4C50-88BB-BB14E05ACA19}.Debug|Any CPU.Build.0 = Debug|Any CPU
		{57CED56D-D9F4-4C50-88BB-BB14E05ACA19}.Release|Any CPU.ActiveCfg = Release|Any CPU
		{57CED56D-D9F4-4C50-88BB-BB14E05ACA19}.Release|Any CPU.Build.0 = Release|Any CPU
		{B05F2EB3-D57E-44E3-9862-667F805D5EF9}.Debug|Any CPU.ActiveCfg = Debug|Any CPU
		{B05F2EB3-D57E-44E3-9862-667F805D5EF9}.Debug|Any CPU.Build.0 = Debug|Any CPU
		{B05F2EB3-D57E-44E3-9862-667F805D5EF9}.Release|Any CPU.ActiveCfg = Release|Any CPU
		{B05F2EB3-D57E-44E3-9862-667F805D5EF9}.Release|Any CPU.Build.0 = Release|Any CPU
		{920484BE-E79C-4680-85B9-73A1DC8B24E2}.Debug|Any CPU.ActiveCfg = Debug|Any CPU
		{920484BE-E79C-4680-85B9-73A1DC8B24E2}.Debug|Any CPU.Build.0 = Debug|Any CPU
		{920484BE-E79C-4680-85B9-73A1DC8B24E2}.Release|Any CPU.ActiveCfg = Release|Any CPU
		{920484BE-E79C-4680-85B9-73A1DC8B24E2}.Release|Any CPU.Build.0 = Release|Any CPU
		{B70F4246-F7F3-4831-B31B-135CA143938E}.Debug|Any CPU.ActiveCfg = Debug|Any CPU
		{B70F4246-F7F3-4831-B31B-135CA143938E}.Debug|Any CPU.Build.0 = Debug|Any CPU
		{B70F4246-F7F3-4831-B31B-135CA143938E}.Release|Any CPU.ActiveCfg = Release|Any CPU
		{B70F4246-F7F3-4831-B31B-135CA143938E}.Release|Any CPU.Build.0 = Release|Any CPU
		{7E3A1210-565D-4EBF-B442-655DD7662103}.Debug|Any CPU.ActiveCfg = Debug|Any CPU
		{7E3A1210-565D-4EBF-B442-655DD7662103}.Debug|Any CPU.Build.0 = Debug|Any CPU
		{7E3A1210-565D-4EBF-B442-655DD7662103}.Release|Any CPU.ActiveCfg = Release|Any CPU
		{7E3A1210-565D-4EBF-B442-655DD7662103}.Release|Any CPU.Build.0 = Release|Any CPU
		{884D0467-DD91-4666-87E0-F42031BA0487}.Debug|Any CPU.ActiveCfg = Debug|Any CPU
		{884D0467-DD91-4666-87E0-F42031BA0487}.Debug|Any CPU.Build.0 = Debug|Any CPU
		{884D0467-DD91-4666-87E0-F42031BA0487}.Release|Any CPU.ActiveCfg = Release|Any CPU
		{884D0467-DD91-4666-87E0-F42031BA0487}.Release|Any CPU.Build.0 = Release|Any CPU
		{52AC8F10-0120-4C25-847F-7F95CE131964}.Debug|Any CPU.ActiveCfg = Debug|Any CPU
		{52AC8F10-0120-4C25-847F-7F95CE131964}.Debug|Any CPU.Build.0 = Debug|Any CPU
		{52AC8F10-0120-4C25-847F-7F95CE131964}.Release|Any CPU.ActiveCfg = Release|Any CPU
		{52AC8F10-0120-4C25-847F-7F95CE131964}.Release|Any CPU.Build.0 = Release|Any CPU
		{269E823E-B190-42A7-8EC3-4A46F8E878CE}.Debug|Any CPU.ActiveCfg = Debug|Any CPU
		{269E823E-B190-42A7-8EC3-4A46F8E878CE}.Debug|Any CPU.Build.0 = Debug|Any CPU
		{269E823E-B190-42A7-8EC3-4A46F8E878CE}.Release|Any CPU.ActiveCfg = Release|Any CPU
		{269E823E-B190-42A7-8EC3-4A46F8E878CE}.Release|Any CPU.Build.0 = Release|Any CPU
	EndGlobalSection
	GlobalSection(SolutionProperties) = preSolution
		HideSolutionNode = FALSE
	EndGlobalSection
	GlobalSection(NestedProjects) = preSolution
		{BDC05D33-A108-492E-9EE4-1CB96D30D0EF} = {B119029D-E074-449C-94FD-712E2F3C3C62}
		{25CC30A2-4F35-466F-B21B-D034C6E23ABB} = {BDC05D33-A108-492E-9EE4-1CB96D30D0EF}
		{4228DBCB-A56B-462C-9175-427D80F9F4EF} = {BDC05D33-A108-492E-9EE4-1CB96D30D0EF}
		{0FF053F7-81D3-4EF3-9C5F-54F8BD1DFAAE} = {BDC05D33-A108-492E-9EE4-1CB96D30D0EF}
		{E2766020-7278-4B0C-B2E1-AB8B2569D13E} = {B119029D-E074-449C-94FD-712E2F3C3C62}
		{8261B415-B4BF-4A0F-A1F5-AC893F0E9842} = {4228DBCB-A56B-462C-9175-427D80F9F4EF}
		{57CED56D-D9F4-4C50-88BB-BB14E05ACA19} = {4228DBCB-A56B-462C-9175-427D80F9F4EF}
		{B05F2EB3-D57E-44E3-9862-667F805D5EF9} = {0FF053F7-81D3-4EF3-9C5F-54F8BD1DFAAE}
		{920484BE-E79C-4680-85B9-73A1DC8B24E2} = {0FF053F7-81D3-4EF3-9C5F-54F8BD1DFAAE}
		{B70F4246-F7F3-4831-B31B-135CA143938E} = {0FF053F7-81D3-4EF3-9C5F-54F8BD1DFAAE}
		{7E3A1210-565D-4EBF-B442-655DD7662103} = {25CC30A2-4F35-466F-B21B-D034C6E23ABB}
		{884D0467-DD91-4666-87E0-F42031BA0487} = {25CC30A2-4F35-466F-B21B-D034C6E23ABB}
		{52AC8F10-0120-4C25-847F-7F95CE131964} = {25CC30A2-4F35-466F-B21B-D034C6E23ABB}
	EndGlobalSection
	GlobalSection(ExtensibilityGlobals) = postSolution
		SolutionGuid = {29A9CC37-DB16-4992-8145-AFB53D7ACFAC}
	EndGlobalSection
EndGlobal
